
Microsoft Visual Studio Solution File, Format Version 12.00
# Visual Studio Version 16
VisualStudioVersion = 16.0.30907.101
MinimumVisualStudioVersion = 10.0.40219.1
Project("{FAE04EC0-301F-11D3-BF4B-00C04F79EFBC}") = "bmrtmrcalc", "bmrtmrcalc.csproj", "{0358C86A-AFCB-4910-8755-C936865BBEB2}"
EndProject
Global
	GlobalSection(SolutionConfigurationPlatforms) = preSolution
		Debug|Any CPU = Debug|Any CPU
		Release|Any CPU = Release|Any CPU
	EndGlobalSection
	GlobalSection(ProjectConfigurationPlatforms) = postSolution
		{0358C86A-AFCB-4910-8755-C936865BBEB2}.Debug|Any CPU.ActiveCfg = Debug|Any CPU
		{0358C86A-AFCB-4910-8755-C936865BBEB2}.Debug|Any CPU.Build.0 = Debug|Any CPU
		{0358C86A-AFCB-4910-8755-C936865BBEB2}.Release|Any CPU.ActiveCfg = Release|Any CPU
		{0358C86A-AFCB-4910-8755-C936865BBEB2}.Release|Any CPU.Build.0 = Release|Any CPU
	EndGlobalSection
	GlobalSection(SolutionProperties) = preSolution
		HideSolutionNode = FALSE
	EndGlobalSection
	GlobalSection(ExtensibilityGlobals) = postSolution
		SolutionGuid = {34AB743A-B8A8-406D-AAD3-4AADE2F066EC}
	EndGlobalSection
EndGlobal
